
Microsoft Visual Studio Solution File, Format Version 12.00
Project("{FAE04EC0-301F-11D3-BF4B-00C04F79EFBC}") = "NoHudMod", "NoHudMod\NoHudMod.csproj", "{FEC476EF-3031-49BF-9449-4AFB8562D506}"
EndProject
Global
	GlobalSection(SolutionConfigurationPlatforms) = preSolution
		Debug|Any CPU = Debug|Any CPU
		Release|Any CPU = Release|Any CPU
	EndGlobalSection
	GlobalSection(ProjectConfigurationPlatforms) = postSolution
		{FEC476EF-3031-49BF-9449-4AFB8562D506}.Debug|Any CPU.ActiveCfg = Debug|Any CPU
		{FEC476EF-3031-49BF-9449-4AFB8562D506}.Debug|Any CPU.Build.0 = Debug|Any CPU
		{FEC476EF-3031-49BF-9449-4AFB8562D506}.Release|Any CPU.ActiveCfg = Release|Any CPU
		{FEC476EF-3031-49BF-9449-4AFB8562D506}.Release|Any CPU.Build.0 = Release|Any CPU
	EndGlobalSection
EndGlobal
